
Microsoft Visual Studio Solution File, Format Version 12.00
# Visual Studio Version 17
VisualStudioVersion = 17.12.35506.116
MinimumVisualStudioVersion = 10.0.40219.1
Project("{FAE04EC0-301F-11D3-BF4B-00C04F79EFBC}") = "WebUI", "WebUı\WebUI.csproj", "{A5B39A55-E58D-49A8-A93C-6DFC15EC3FB2}"
EndProject
Project("{FAE04EC0-301F-11D3-BF4B-00C04F79EFBC}") = "Entity", "Medic.Entity\Entity.csproj", "{A75D81DA-10B6-4DE1-80E0-F1D2E4F56BAE}"
EndProject
Project("{FAE04EC0-301F-11D3-BF4B-00C04F79EFBC}") = "DAL", "Dal\DAL.csproj", "{2BE4F0E5-01C5-4CB4-AAEA-C5AA1A406390}"
EndProject
Project("{FAE04EC0-301F-11D3-BF4B-00C04F79EFBC}") = "BLL", "Bll\BLL.csproj", "{A4961850-8389-4406-ACB3-6A822EC6AF8C}"
EndProject
Project("{2150E333-8FDC-42A3-9474-1A3956D46DE8}") = "Solution Items", "Solution Items", "{2F3E2176-57D6-4B14-A187-54ECCF09C3CB}"
	ProjectSection(SolutionItems) = preProject
		medic2.sql = medic2.sql
	EndProjectSection
EndProject
Project("{FAE04EC0-301F-11D3-BF4B-00C04F79EFBC}") = "WebAPI", "WebAPI\WebAPI.csproj", "{459CFD6D-3974-4FBF-A068-700C2C51F875}"
EndProject
Global
	GlobalSection(SolutionConfigurationPlatforms) = preSolution
		Debug|Any CPU = Debug|Any CPU
		Release|Any CPU = Release|Any CPU
	EndGlobalSection
	GlobalSection(ProjectConfigurationPlatforms) = postSolution
		{A5B39A55-E58D-49A8-A93C-6DFC15EC3FB2}.Debug|Any CPU.ActiveCfg = Debug|Any CPU
		{A5B39A55-E58D-49A8-A93C-6DFC15EC3FB2}.Debug|Any CPU.Build.0 = Debug|Any CPU
		{A5B39A55-E58D-49A8-A93C-6DFC15EC3FB2}.Release|Any CPU.ActiveCfg = Release|Any CPU
		{A5B39A55-E58D-49A8-A93C-6DFC15EC3FB2}.Release|Any CPU.Build.0 = Release|Any CPU
		{A75D81DA-10B6-4DE1-80E0-F1D2E4F56BAE}.Debug|Any CPU.ActiveCfg = Debug|Any CPU
		{A75D81DA-10B6-4DE1-80E0-F1D2E4F56BAE}.Debug|Any CPU.Build.0 = Debug|Any CPU
		{A75D81DA-10B6-4DE1-80E0-F1D2E4F56BAE}.Release|Any CPU.ActiveCfg = Release|Any CPU
		{A75D81DA-10B6-4DE1-80E0-F1D2E4F56BAE}.Release|Any CPU.Build.0 = Release|Any CPU
		{2BE4F0E5-01C5-4CB4-AAEA-C5AA1A406390}.Debug|Any CPU.ActiveCfg = Debug|Any CPU
		{2BE4F0E5-01C5-4CB4-AAEA-C5AA1A406390}.Debug|Any CPU.Build.0 = Debug|Any CPU
		{2BE4F0E5-01C5-4CB4-AAEA-C5AA1A406390}.Release|Any CPU.ActiveCfg = Release|Any CPU
		{2BE4F0E5-01C5-4CB4-AAEA-C5AA1A406390}.Release|Any CPU.Build.0 = Release|Any CPU
		{A4961850-8389-4406-ACB3-6A822EC6AF8C}.Debug|Any CPU.ActiveCfg = Debug|Any CPU
		{A4961850-8389-4406-ACB3-6A822EC6AF8C}.Debug|Any CPU.Build.0 = Debug|Any CPU
		{A4961850-8389-4406-ACB3-6A822EC6AF8C}.Release|Any CPU.ActiveCfg = Release|Any CPU
		{A4961850-8389-4406-ACB3-6A822EC6AF8C}.Release|Any CPU.Build.0 = Release|Any CPU
		{459CFD6D-3974-4FBF-A068-700C2C51F875}.Debug|Any CPU.ActiveCfg = Debug|Any CPU
		{459CFD6D-3974-4FBF-A068-700C2C51F875}.Debug|Any CPU.Build.0 = Debug|Any CPU
		{459CFD6D-3974-4FBF-A068-700C2C51F875}.Release|Any CPU.ActiveCfg = Release|Any CPU
		{459CFD6D-3974-4FBF-A068-700C2C51F875}.Release|Any CPU.Build.0 = Release|Any CPU
	EndGlobalSection
	GlobalSection(SolutionProperties) = preSolution
		HideSolutionNode = FALSE
	EndGlobalSection
EndGlobal
